// !$*UTF8*$!
{
	archiveVersion = 1;
	classes = {
	};
	objectVersion = 46;
	objects = {

/* Begin PBXBuildFile section */
		08B071641C4FA986002D8C23 /* UdacityClient.swift in Sources */ = {isa = PBXBuildFile; fileRef = 08B071631C4FA986002D8C23 /* UdacityClient.swift */; settings = {ASSET_TAGS = (); }; };
		08B071671C4FC2A7002D8C23 /* UdacityConstants.swift in Sources */ = {isa = PBXBuildFile; fileRef = 08B071661C4FC2A7002D8C23 /* UdacityConstants.swift */; settings = {ASSET_TAGS = (); }; };
		08B071691C4FC974002D8C23 /* UdacityConvenience.swift in Sources */ = {isa = PBXBuildFile; fileRef = 08B071681C4FC974002D8C23 /* UdacityConvenience.swift */; settings = {ASSET_TAGS = (); }; };
		08CF9A251C4F8F1900509669 /* AppDelegate.swift in Sources */ = {isa = PBXBuildFile; fileRef = 08CF9A241C4F8F1900509669 /* AppDelegate.swift */; };
		08CF9A271C4F8F1900509669 /* LoginViewController.swift in Sources */ = {isa = PBXBuildFile; fileRef = 08CF9A261C4F8F1900509669 /* LoginViewController.swift */; };
		08CF9A2A1C4F8F1900509669 /* Main.storyboard in Resources */ = {isa = PBXBuildFile; fileRef = 08CF9A281C4F8F1900509669 /* Main.storyboard */; };
		08CF9A2C1C4F8F1900509669 /* Assets.xcassets in Resources */ = {isa = PBXBuildFile; fileRef = 08CF9A2B1C4F8F1900509669 /* Assets.xcassets */; };
		08CF9A2F1C4F8F1900509669 /* LaunchScreen.storyboard in Resources */ = {isa = PBXBuildFile; fileRef = 08CF9A2D1C4F8F1900509669 /* LaunchScreen.storyboard */; };
		08CF9A3A1C4F8F1900509669 /* On_The_MapTests.swift in Sources */ = {isa = PBXBuildFile; fileRef = 08CF9A391C4F8F1900509669 /* On_The_MapTests.swift */; };
		08CF9A451C4F8F1900509669 /* On_The_MapUITests.swift in Sources */ = {isa = PBXBuildFile; fileRef = 08CF9A441C4F8F1900509669 /* On_The_MapUITests.swift */; };
		08CF9A551C4F9DF500509669 /* MapViewController.swift in Sources */ = {isa = PBXBuildFile; fileRef = 08CF9A541C4F9DF500509669 /* MapViewController.swift */; settings = {ASSET_TAGS = (); }; };
		08CF9A571C4F9E0B00509669 /* LocationTableViewController.swift in Sources */ = {isa = PBXBuildFile; fileRef = 08CF9A561C4F9E0B00509669 /* LocationTableViewController.swift */; settings = {ASSET_TAGS = (); }; };
/* End PBXBuildFile section */

/* Begin PBXContainerItemProxy section */
		08CF9A361C4F8F1900509669 /* PBXContainerItemProxy */ = {
			isa = PBXContainerItemProxy;
			containerPortal = 08CF9A191C4F8F1900509669 /* Project object */;
			proxyType = 1;
			remoteGlobalIDString = 08CF9A201C4F8F1900509669;
			remoteInfo = "On The Map";
		};
		08CF9A411C4F8F1900509669 /* PBXContainerItemProxy */ = {
			isa = PBXContainerItemProxy;
			containerPortal = 08CF9A191C4F8F1900509669 /* Project object */;
			proxyType = 1;
			remoteGlobalIDString = 08CF9A201C4F8F1900509669;
			remoteInfo = "On The Map";
		};
/* End PBXContainerItemProxy section */

/* Begin PBXFileReference section */
		08B071631C4FA986002D8C23 /* UdacityClient.swift */ = {isa = PBXFileReference; fileEncoding = 4; lastKnownFileType = sourcecode.swift; path = UdacityClient.swift; sourceTree = "<group>"; };
		08B071661C4FC2A7002D8C23 /* UdacityConstants.swift */ = {isa = PBXFileReference; fileEncoding = 4; lastKnownFileType = sourcecode.swift; path = UdacityConstants.swift; sourceTree = "<group>"; };
		08B071681C4FC974002D8C23 /* UdacityConvenience.swift */ = {isa = PBXFileReference; fileEncoding = 4; lastKnownFileType = sourcecode.swift; path = UdacityConvenience.swift; sourceTree = "<group>"; };
		08CF9A211C4F8F1900509669 /* On The Map.app */ = {isa = PBXFileReference; explicitFileType = wrapper.application; includeInIndex = 0; path = "On The Map.app"; sourceTree = BUILT_PRODUCTS_DIR; };
		08CF9A241C4F8F1900509669 /* AppDelegate.swift */ = {isa = PBXFileReference; lastKnownFileType = sourcecode.swift; path = AppDelegate.swift; sourceTree = "<group>"; };
		08CF9A261C4F8F1900509669 /* LoginViewController.swift */ = {isa = PBXFileReference; lastKnownFileType = sourcecode.swift; path = LoginViewController.swift; sourceTree = "<group>"; };
		08CF9A291C4F8F1900509669 /* Base */ = {isa = PBXFileReference; lastKnownFileType = file.storyboard; name = Base; path = Base.lproj/Main.storyboard; sourceTree = "<group>"; };
		08CF9A2B1C4F8F1900509669 /* Assets.xcassets */ = {isa = PBXFileReference; lastKnownFileType = folder.assetcatalog; path = Assets.xcassets; sourceTree = "<group>"; };
		08CF9A2E1C4F8F1900509669 /* Base */ = {isa = PBXFileReference; lastKnownFileType = file.storyboard; name = Base; path = Base.lproj/LaunchScreen.storyboard; sourceTree = "<group>"; };
		08CF9A301C4F8F1900509669 /* Info.plist */ = {isa = PBXFileReference; lastKnownFileType = text.plist.xml; path = Info.plist; sourceTree = "<group>"; };
		08CF9A351C4F8F1900509669 /* On The MapTests.xctest */ = {isa = PBXFileReference; explicitFileType = wrapper.cfbundle; includeInIndex = 0; path = "On The MapTests.xctest"; sourceTree = BUILT_PRODUCTS_DIR; };
		08CF9A391C4F8F1900509669 /* On_The_MapTests.swift */ = {isa = PBXFileReference; lastKnownFileType = sourcecode.swift; path = On_The_MapTests.swift; sourceTree = "<group>"; };
		08CF9A3B1C4F8F1900509669 /* Info.plist */ = {isa = PBXFileReference; lastKnownFileType = text.plist.xml; path = Info.plist; sourceTree = "<group>"; };
		08CF9A401C4F8F1900509669 /* On The MapUITests.xctest */ = {isa = PBXFileReference; explicitFileType = wrapper.cfbundle; includeInIndex = 0; path = "On The MapUITests.xctest"; sourceTree = BUILT_PRODUCTS_DIR; };
		08CF9A441C4F8F1900509669 /* On_The_MapUITests.swift */ = {isa = PBXFileReference; lastKnownFileType = sourcecode.swift; path = On_The_MapUITests.swift; sourceTree = "<group>"; };
		08CF9A461C4F8F1900509669 /* Info.plist */ = {isa = PBXFileReference; lastKnownFileType = text.plist.xml; path = Info.plist; sourceTree = "<group>"; };
		08CF9A541C4F9DF500509669 /* MapViewController.swift */ = {isa = PBXFileReference; fileEncoding = 4; lastKnownFileType = sourcecode.swift; path = MapViewController.swift; sourceTree = "<group>"; };
		08CF9A561C4F9E0B00509669 /* LocationTableViewController.swift */ = {isa = PBXFileReference; fileEncoding = 4; lastKnownFileType = sourcecode.swift; path = LocationTableViewController.swift; sourceTree = "<group>"; };
/* End PBXFileReference section */

/* Begin PBXFrameworksBuildPhase section */
		08CF9A1E1C4F8F1900509669 /* Frameworks */ = {
			isa = PBXFrameworksBuildPhase;
			buildActionMask = 2147483647;
			files = (
			);
			runOnlyForDeploymentPostprocessing = 0;
		};
		08CF9A321C4F8F1900509669 /* Frameworks */ = {
			isa = PBXFrameworksBuildPhase;
			buildActionMask = 2147483647;
			files = (
			);
			runOnlyForDeploymentPostprocessing = 0;
		};
		08CF9A3D1C4F8F1900509669 /* Frameworks */ = {
			isa = PBXFrameworksBuildPhase;
			buildActionMask = 2147483647;
			files = (
			);
			runOnlyForDeploymentPostprocessing = 0;
		};
/* End PBXFrameworksBuildPhase section */

/* Begin PBXGroup section */
		08B071651C4FA992002D8C23 /* Model */ = {
			isa = PBXGroup;
			children = (
				08B071631C4FA986002D8C23 /* UdacityClient.swift */,
				08B071661C4FC2A7002D8C23 /* UdacityConstants.swift */,
				08B071681C4FC974002D8C23 /* UdacityConvenience.swift */,
			);
			name = Model;
			sourceTree = "<group>";
		};
		08CF9A181C4F8F1900509669 = {
			isa = PBXGroup;
			children = (
				08CF9A231C4F8F1900509669 /* On The Map */,
				08CF9A381C4F8F1900509669 /* On The MapTests */,
				08CF9A431C4F8F1900509669 /* On The MapUITests */,
				08CF9A221C4F8F1900509669 /* Products */,
			);
			sourceTree = "<group>";
		};
		08CF9A221C4F8F1900509669 /* Products */ = {
			isa = PBXGroup;
			children = (
				08CF9A211C4F8F1900509669 /* On The Map.app */,
				08CF9A351C4F8F1900509669 /* On The MapTests.xctest */,
				08CF9A401C4F8F1900509669 /* On The MapUITests.xctest */,
			);
			name = Products;
			sourceTree = "<group>";
		};
		08CF9A231C4F8F1900509669 /* On The Map */ = {
			isa = PBXGroup;
			children = (
				08CF9A241C4F8F1900509669 /* AppDelegate.swift */,
				08B071651C4FA992002D8C23 /* Model */,
				08CF9A531C4F98C900509669 /* Controller */,
				08CF9A2B1C4F8F1900509669 /* Assets.xcassets */,
				08CF9A281C4F8F1900509669 /* Main.storyboard */,
				08CF9A2D1C4F8F1900509669 /* LaunchScreen.storyboard */,
				08CF9A301C4F8F1900509669 /* Info.plist */,
			);
			path = "On The Map";
			sourceTree = "<group>";
		};
		08CF9A381C4F8F1900509669 /* On The MapTests */ = {
			isa = PBXGroup;
			children = (
				08CF9A391C4F8F1900509669 /* On_The_MapTests.swift */,
				08CF9A3B1C4F8F1900509669 /* Info.plist */,
			);
			path = "On The MapTests";
			sourceTree = "<group>";
		};
		08CF9A431C4F8F1900509669 /* On The MapUITests */ = {
			isa = PBXGroup;
			children = (
				08CF9A441C4F8F1900509669 /* On_The_MapUITests.swift */,
				08CF9A461C4F8F1900509669 /* Info.plist */,
			);
			path = "On The MapUITests";
			sourceTree = "<group>";
		};
		08CF9A531C4F98C900509669 /* Controller */ = {
			isa = PBXGroup;
			children = (
				08CF9A261C4F8F1900509669 /* LoginViewController.swift */,
				08CF9A541C4F9DF500509669 /* MapViewController.swift */,
				08CF9A561C4F9E0B00509669 /* LocationTableViewController.swift */,
			);
			name = Controller;
			sourceTree = "<group>";
		};
/* End PBXGroup section */

/* Begin PBXNativeTarget section */
		08CF9A201C4F8F1900509669 /* On The Map */ = {
			isa = PBXNativeTarget;
			buildConfigurationList = 08CF9A491C4F8F1900509669 /* Build configuration list for PBXNativeTarget "On The Map" */;
			buildPhases = (
				08CF9A1D1C4F8F1900509669 /* Sources */,
				08CF9A1E1C4F8F1900509669 /* Frameworks */,
				08CF9A1F1C4F8F1900509669 /* Resources */,
			);
			buildRules = (
			);
			dependencies = (
			);
			name = "On The Map";
			productName = "On The Map";
			productReference = 08CF9A211C4F8F1900509669 /* On The Map.app */;
			productType = "com.apple.product-type.application";
		};
		08CF9A341C4F8F1900509669 /* On The MapTests */ = {
			isa = PBXNativeTarget;
			buildConfigurationList = 08CF9A4C1C4F8F1900509669 /* Build configuration list for PBXNativeTarget "On The MapTests" */;
			buildPhases = (
				08CF9A311C4F8F1900509669 /* Sources */,
				08CF9A321C4F8F1900509669 /* Frameworks */,
				08CF9A331C4F8F1900509669 /* Resources */,
			);
			buildRules = (
			);
			dependencies = (
				08CF9A371C4F8F1900509669 /* PBXTargetDependency */,
			);
			name = "On The MapTests";
			productName = "On The MapTests";
			productReference = 08CF9A351C4F8F1900509669 /* On The MapTests.xctest */;
			productType = "com.apple.product-type.bundle.unit-test";
		};
		08CF9A3F1C4F8F1900509669 /* On The MapUITests */ = {
			isa = PBXNativeTarget;
			buildConfigurationList = 08CF9A4F1C4F8F1900509669 /* Build configuration list for PBXNativeTarget "On The MapUITests" */;
			buildPhases = (
				08CF9A3C1C4F8F1900509669 /* Sources */,
				08CF9A3D1C4F8F1900509669 /* Frameworks */,
				08CF9A3E1C4F8F1900509669 /* Resources */,
			);
			buildRules = (
			);
			dependencies = (
				08CF9A421C4F8F1900509669 /* PBXTargetDependency */,
			);
			name = "On The MapUITests";
			productName = "On The MapUITests";
			productReference = 08CF9A401C4F8F1900509669 /* On The MapUITests.xctest */;
			productType = "com.apple.product-type.bundle.ui-testing";
		};
/* End PBXNativeTarget section */

/* Begin PBXProject section */
		08CF9A191C4F8F1900509669 /* Project object */ = {
			isa = PBXProject;
			attributes = {
				LastUpgradeCheck = 0700;
				ORGANIZATIONNAME = Quynh;
				TargetAttributes = {
					08CF9A201C4F8F1900509669 = {
						CreatedOnToolsVersion = 7.0.1;
					};
					08CF9A341C4F8F1900509669 = {
						CreatedOnToolsVersion = 7.0.1;
						TestTargetID = 08CF9A201C4F8F1900509669;
					};
					08CF9A3F1C4F8F1900509669 = {
						CreatedOnToolsVersion = 7.0.1;
						TestTargetID = 08CF9A201C4F8F1900509669;
					};
				};
			};
			buildConfigurationList = 08CF9A1C1C4F8F1900509669 /* Build configuration list for PBXProject "On The Map" */;
			compatibilityVersion = "Xcode 3.2";
			developmentRegion = English;
			hasScannedForEncodings = 0;
			knownRegions = (
				en,
				Base,
			);
			mainGroup = 08CF9A181C4F8F1900509669;
			productRefGroup = 08CF9A221C4F8F1900509669 /* Products */;
			projectDirPath = "";
			projectRoot = "";
			targets = (
				08CF9A201C4F8F1900509669 /* On The Map */,
				08CF9A341C4F8F1900509669 /* On The MapTests */,
				08CF9A3F1C4F8F1900509669 /* On The MapUITests */,
			);
		};
/* End PBXProject section */

/* Begin PBXResourcesBuildPhase section */
		08CF9A1F1C4F8F1900509669 /* Resources */ = {
			isa = PBXResourcesBuildPhase;
			buildActionMask = 2147483647;
			files = (
				08CF9A2F1C4F8F1900509669 /* LaunchScreen.storyboard in Resources */,
				08CF9A2C1C4F8F1900509669 /* Assets.xcassets in Resources */,
				08CF9A2A1C4F8F1900509669 /* Main.storyboard in Resources */,
			);
			runOnlyForDeploymentPostprocessing = 0;
		};
		08CF9A331C4F8F1900509669 /* Resources */ = {
			isa = PBXResourcesBuildPhase;
			buildActionMask = 2147483647;
			files = (
			);
			runOnlyForDeploymentPostprocessing = 0;
		};
		08CF9A3E1C4F8F1900509669 /* Resources */ = {
			isa = PBXResourcesBuildPhase;
			buildActionMask = 2147483647;
			files = (
			);
			runOnlyForDeploymentPostprocessing = 0;
		};
/* End PBXResourcesBuildPhase section */

/* Begin PBXSourcesBuildPhase section */
		08CF9A1D1C4F8F1900509669 /* Sources */ = {
			isa = PBXSourcesBuildPhase;
			buildActionMask = 2147483647;
			files = (
				08B071641C4FA986002D8C23 /* UdacityClient.swift in Sources */,
				08CF9A571C4F9E0B00509669 /* LocationTableViewController.swift in Sources */,
				08CF9A271C4F8F1900509669 /* LoginViewController.swift in Sources */,
				08CF9A551C4F9DF500509669 /* MapViewController.swift in Sources */,
				08CF9A251C4F8F1900509669 /* AppDelegate.swift in Sources */,
				08B071691C4FC974002D8C23 /* UdacityConvenience.swift in Sources */,
				08B071671C4FC2A7002D8C23 /* UdacityConstants.swift in Sources */,
			);
			runOnlyForDeploymentPostprocessing = 0;
		};
		08CF9A311C4F8F1900509669 /* Sources */ = {
			isa = PBXSourcesBuildPhase;
			buildActionMask = 2147483647;
			files = (
				08CF9A3A1C4F8F1900509669 /* On_The_MapTests.swift in Sources */,
			);
			runOnlyForDeploymentPostprocessing = 0;
		};
		08CF9A3C1C4F8F1900509669 /* Sources */ = {
			isa = PBXSourcesBuildPhase;
			buildActionMask = 2147483647;
			files = (
				08CF9A451C4F8F1900509669 /* On_The_MapUITests.swift in Sources */,
			);
			runOnlyForDeploymentPostprocessing = 0;
		};
/* End PBXSourcesBuildPhase section */

/* Begin PBXTargetDependency section */
		08CF9A371C4F8F1900509669 /* PBXTargetDependency */ = {
			isa = PBXTargetDependency;
			target = 08CF9A201C4F8F1900509669 /* On The Map */;
			targetProxy = 08CF9A361C4F8F1900509669 /* PBXContainerItemProxy */;
		};
		08CF9A421C4F8F1900509669 /* PBXTargetDependency */ = {
			isa = PBXTargetDependency;
			target = 08CF9A201C4F8F1900509669 /* On The Map */;
			targetProxy = 08CF9A411C4F8F1900509669 /* PBXContainerItemProxy */;
		};
/* End PBXTargetDependency section */

/* Begin PBXVariantGroup section */
		08CF9A281C4F8F1900509669 /* Main.storyboard */ = {
			isa = PBXVariantGroup;
			children = (
				08CF9A291C4F8F1900509669 /* Base */,
			);
			name = Main.storyboard;
			sourceTree = "<group>";
		};
		08CF9A2D1C4F8F1900509669 /* LaunchScreen.storyboard */ = {
			isa = PBXVariantGroup;
			children = (
				08CF9A2E1C4F8F1900509669 /* Base */,
			);
			name = LaunchScreen.storyboard;
			sourceTree = "<group>";
		};
/* End PBXVariantGroup section */

/* Begin XCBuildConfiguration section */
		08CF9A471C4F8F1900509669 /* Debug */ = {
			isa = XCBuildConfiguration;
			buildSettings = {
				ALWAYS_SEARCH_USER_PATHS = NO;
				CLANG_CXX_LANGUAGE_STANDARD = "gnu++0x";
				CLANG_CXX_LIBRARY = "libc++";
				CLANG_ENABLE_MODULES = YES;
				CLANG_ENABLE_OBJC_ARC = YES;
				CLANG_WARN_BOOL_CONVERSION = YES;
				CLANG_WARN_CONSTANT_CONVERSION = YES;
				CLANG_WARN_DIRECT_OBJC_ISA_USAGE = YES_ERROR;
				CLANG_WARN_EMPTY_BODY = YES;
				CLANG_WARN_ENUM_CONVERSION = YES;
				CLANG_WARN_INT_CONVERSION = YES;
				CLANG_WARN_OBJC_ROOT_CLASS = YES_ERROR;
				CLANG_WARN_UNREACHABLE_CODE = YES;
				CLANG_WARN__DUPLICATE_METHOD_MATCH = YES;
				"CODE_SIGN_IDENTITY[sdk=iphoneos*]" = "iPhone Developer";
				COPY_PHASE_STRIP = NO;
				DEBUG_INFORMATION_FORMAT = dwarf;
				ENABLE_STRICT_OBJC_MSGSEND = YES;
				ENABLE_TESTABILITY = YES;
				GCC_C_LANGUAGE_STANDARD = gnu99;
				GCC_DYNAMIC_NO_PIC = NO;
				GCC_NO_COMMON_BLOCKS = YES;
				GCC_OPTIMIZATION_LEVEL = 0;
				GCC_PREPROCESSOR_DEFINITIONS = (
					"DEBUG=1",
					"$(inherited)",
				);
				GCC_WARN_64_TO_32_BIT_CONVERSION = YES;
				GCC_WARN_ABOUT_RETURN_TYPE = YES_ERROR;
				GCC_WARN_UNDECLARED_SELECTOR = YES;
				GCC_WARN_UNINITIALIZED_AUTOS = YES_AGGRESSIVE;
				GCC_WARN_UNUSED_FUNCTION = YES;
				GCC_WARN_UNUSED_VARIABLE = YES;
				IPHONEOS_DEPLOYMENT_TARGET = 9.0;
				MTL_ENABLE_DEBUG_INFO = YES;
				ONLY_ACTIVE_ARCH = YES;
				SDKROOT = iphoneos;
				SWIFT_OPTIMIZATION_LEVEL = "-Onone";
			};
			name = Debug;
		};
		08CF9A481C4F8F1900509669 /* Release */ = {
			isa = XCBuildConfiguration;
			buildSettings = {
				ALWAYS_SEARCH_USER_PATHS = NO;
				CLANG_CXX_LANGUAGE_STANDARD = "gnu++0x";
				CLANG_CXX_LIBRARY = "libc++";
				CLANG_ENABLE_MODULES = YES;
				CLANG_ENABLE_OBJC_ARC = YES;
				CLANG_WARN_BOOL_CONVERSION = YES;
				CLANG_WARN_CONSTANT_CONVERSION = YES;
				CLANG_WARN_DIRECT_OBJC_ISA_USAGE = YES_ERROR;
				CLANG_WARN_EMPTY_BODY = YES;
				CLANG_WARN_ENUM_CONVERSION = YES;
				CLANG_WARN_INT_CONVERSION = YES;
				CLANG_WARN_OBJC_ROOT_CLASS = YES_ERROR;
				CLANG_WARN_UNREACHABLE_CODE = YES;
				CLANG_WARN__DUPLICATE_METHOD_MATCH = YES;
				"CODE_SIGN_IDENTITY[sdk=iphoneos*]" = "iPhone Developer";
				COPY_PHASE_STRIP = NO;
				DEBUG_INFORMATION_FORMAT = "dwarf-with-dsym";
				ENABLE_NS_ASSERTIONS = NO;
				ENABLE_STRICT_OBJC_MSGSEND = YES;
				GCC_C_LANGUAGE_STANDARD = gnu99;
				GCC_NO_COMMON_BLOCKS = YES;
				GCC_WARN_64_TO_32_BIT_CONVERSION = YES;
				GCC_WARN_ABOUT_RETURN_TYPE = YES_ERROR;
				GCC_WARN_UNDECLARED_SELECTOR = YES;
				GCC_WARN_UNINITIALIZED_AUTOS = YES_AGGRESSIVE;
				GCC_WARN_UNUSED_FUNCTION = YES;
				GCC_WARN_UNUSED_VARIABLE = YES;
				IPHONEOS_DEPLOYMENT_TARGET = 9.0;
				MTL_ENABLE_DEBUG_INFO = NO;
				SDKROOT = iphoneos;
				VALIDATE_PRODUCT = YES;
			};
			name = Release;
		};
		08CF9A4A1C4F8F1900509669 /* Debug */ = {
			isa = XCBuildConfiguration;
			buildSettings = {
				ASSETCATALOG_COMPILER_APPICON_NAME = AppIcon;
				INFOPLIST_FILE = "On The Map/Info.plist";
				LD_RUNPATH_SEARCH_PATHS = "$(inherited) @executable_path/Frameworks";
				PRODUCT_BUNDLE_IDENTIFIER = "com.Nhimo.On-The-Map";
				PRODUCT_NAME = "$(TARGET_NAME)";
			};
			name = Debug;
		};
		08CF9A4B1C4F8F1900509669 /* Release */ = {
			isa = XCBuildConfiguration;
			buildSettings = {
				ASSETCATALOG_COMPILER_APPICON_NAME = AppIcon;
				INFOPLIST_FILE = "On The Map/Info.plist";
				LD_RUNPATH_SEARCH_PATHS = "$(inherited) @executable_path/Frameworks";
				PRODUCT_BUNDLE_IDENTIFIER = "com.Nhimo.On-The-Map";
				PRODUCT_NAME = "$(TARGET_NAME)";
			};
			name = Release;
		};
		08CF9A4D1C4F8F1900509669 /* Debug */ = {
			isa = XCBuildConfiguration;
			buildSettings = {
				BUNDLE_LOADER = "$(TEST_HOST)";
				INFOPLIST_FILE = "On The MapTests/Info.plist";
				LD_RUNPATH_SEARCH_PATHS = "$(inherited) @executable_path/Frameworks @loader_path/Frameworks";
				PRODUCT_BUNDLE_IDENTIFIER = "com.Nhimo.On-The-MapTests";
				PRODUCT_NAME = "$(TARGET_NAME)";
				TEST_HOST = "$(BUILT_PRODUCTS_DIR)/On The Map.app/On The Map";
			};
			name = Debug;
		};
		08CF9A4E1C4F8F1900509669 /* Release */ = {
			isa = XCBuildConfiguration;
			buildSettings = {
				BUNDLE_LOADER = "$(TEST_HOST)";
				INFOPLIST_FILE = "On The MapTests/Info.plist";
				LD_RUNPATH_SEARCH_PATHS = "$(inherited) @executable_path/Frameworks @loader_path/Frameworks";
				PRODUCT_BUNDLE_IDENTIFIER = "com.Nhimo.On-The-MapTests";
				PRODUCT_NAME = "$(TARGET_NAME)";
				TEST_HOST = "$(BUILT_PRODUCTS_DIR)/On The Map.app/On The Map";
			};
			name = Release;
		};
		08CF9A501C4F8F1900509669 /* Debug */ = {
			isa = XCBuildConfiguration;
			buildSettings = {
				INFOPLIST_FILE = "On The MapUITests/Info.plist";
				LD_RUNPATH_SEARCH_PATHS = "$(inherited) @executable_path/Frameworks @loader_path/Frameworks";
				PRODUCT_BUNDLE_IDENTIFIER = "com.Nhimo.On-The-MapUITests";
				PRODUCT_NAME = "$(TARGET_NAME)";
				TEST_TARGET_NAME = "On The Map";
				USES_XCTRUNNER = YES;
			};
			name = Debug;
		};
		08CF9A511C4F8F1900509669 /* Release */ = {
			isa = XCBuildConfiguration;
			buildSettings = {
				INFOPLIST_FILE = "On The MapUITests/Info.plist";
				LD_RUNPATH_SEARCH_PATHS = "$(inherited) @executable_path/Frameworks @loader_path/Frameworks";
				PRODUCT_BUNDLE_IDENTIFIER = "com.Nhimo.On-The-MapUITests";
				PRODUCT_NAME = "$(TARGET_NAME)";
				TEST_TARGET_NAME = "On The Map";
				USES_XCTRUNNER = YES;
			};
			name = Release;
		};
/* End XCBuildConfiguration section */

/* Begin XCConfigurationList section */
		08CF9A1C1C4F8F1900509669 /* Build configuration list for PBXProject "On The Map" */ = {
			isa = XCConfigurationList;
			buildConfigurations = (
				08CF9A471C4F8F1900509669 /* Debug */,
				08CF9A481C4F8F1900509669 /* Release */,
			);
			defaultConfigurationIsVisible = 0;
			defaultConfigurationName = Release;
		};
		08CF9A491C4F8F1900509669 /* Build configuration list for PBXNativeTarget "On The Map" */ = {
			isa = XCConfigurationList;
			buildConfigurations = (
				08CF9A4A1C4F8F1900509669 /* Debug */,
				08CF9A4B1C4F8F1900509669 /* Release */,
			);
			defaultConfigurationIsVisible = 0;
			defaultConfigurationName = Release;
		};
		08CF9A4C1C4F8F1900509669 /* Build configuration list for PBXNativeTarget "On The MapTests" */ = {
			isa = XCConfigurationList;
			buildConfigurations = (
				08CF9A4D1C4F8F1900509669 /* Debug */,
				08CF9A4E1C4F8F1900509669 /* Release */,
			);
			defaultConfigurationIsVisible = 0;
			defaultConfigurationName = Release;
		};
		08CF9A4F1C4F8F1900509669 /* Build configuration list for PBXNativeTarget "On The MapUITests" */ = {
			isa = XCConfigurationList;
			buildConfigurations = (
				08CF9A501C4F8F1900509669 /* Debug */,
				08CF9A511C4F8F1900509669 /* Release */,
			);
			defaultConfigurationIsVisible = 0;
			defaultConfigurationName = Release;
		};
/* End XCConfigurationList section */
	};
	rootObject = 08CF9A191C4F8F1900509669 /* Project object */;
}
